
Microsoft Visual Studio Solution File, Format Version 12.00
# Visual Studio Version 17
VisualStudioVersion = 17.12.35527.113
MinimumVisualStudioVersion = 10.0.40219.1
Project("{FAE04EC0-301F-11D3-BF4B-00C04F79EFBC}") = "VanillaMoreMolds", "VanillaMoreMolds\VanillaMoreMolds.csproj", "{8202B9F3-4DE6-4692-988C-72D542088085}"
EndProject
Project("{FAE04EC0-301F-11D3-BF4B-00C04F79EFBC}") = "CakeBuild", "ZZCakeBuild\CakeBuild.csproj", "{AED6638C-15EB-4042-8695-5B5AF563CD3E}"
EndProject
Global
	GlobalSection(SolutionConfigurationPlatforms) = preSolution
		Debug|Any CPU = Debug|Any CPU
		Debug|x64 = Debug|x64
		Release|Any CPU = Release|Any CPU
		Release|x64 = Release|x64
	EndGlobalSection
	GlobalSection(ProjectConfigurationPlatforms) = postSolution
		{8202B9F3-4DE6-4692-988C-72D542088085}.Debug|Any CPU.ActiveCfg = Debug|Any CPU
		{8202B9F3-4DE6-4692-988C-72D542088085}.Debug|Any CPU.Build.0 = Debug|Any CPU
		{8202B9F3-4DE6-4692-988C-72D542088085}.Debug|x64.ActiveCfg = Debug|x64
		{8202B9F3-4DE6-4692-988C-72D542088085}.Debug|x64.Build.0 = Debug|x64
		{8202B9F3-4DE6-4692-988C-72D542088085}.Release|Any CPU.ActiveCfg = Release|Any CPU
		{8202B9F3-4DE6-4692-988C-72D542088085}.Release|Any CPU.Build.0 = Release|Any CPU
		{8202B9F3-4DE6-4692-988C-72D542088085}.Release|x64.ActiveCfg = Release|x64
		{8202B9F3-4DE6-4692-988C-72D542088085}.Release|x64.Build.0 = Release|x64
		{AED6638C-15EB-4042-8695-5B5AF563CD3E}.Debug|Any CPU.ActiveCfg = Debug|Any CPU
		{AED6638C-15EB-4042-8695-5B5AF563CD3E}.Debug|Any CPU.Build.0 = Debug|Any CPU
		{AED6638C-15EB-4042-8695-5B5AF563CD3E}.Debug|x64.ActiveCfg = Debug|x64
		{AED6638C-15EB-4042-8695-5B5AF563CD3E}.Debug|x64.Build.0 = Debug|x64
		{AED6638C-15EB-4042-8695-5B5AF563CD3E}.Release|Any CPU.ActiveCfg = Release|Any CPU
		{AED6638C-15EB-4042-8695-5B5AF563CD3E}.Release|Any CPU.Build.0 = Release|Any CPU
		{AED6638C-15EB-4042-8695-5B5AF563CD3E}.Release|x64.ActiveCfg = Release|x64
		{AED6638C-15EB-4042-8695-5B5AF563CD3E}.Release|x64.Build.0 = Release|x64
	EndGlobalSection
	GlobalSection(SolutionProperties) = preSolution
		HideSolutionNode = FALSE
	EndGlobalSection
EndGlobal
